
Microsoft Visual Studio Solution File, Format Version 12.00
# Visual Studio Version 16
VisualStudioVersion = 16.0.31025.194
MinimumVisualStudioVersion = 10.0.40219.1
Project("{FAE04EC0-301F-11D3-BF4B-00C04F79EFBC}") = "homeWork3", "homeWork3.csproj", "{14616E2A-D150-4912-B079-F8CD028F72B0}"
EndProject
Global
	GlobalSection(SolutionConfigurationPlatforms) = preSolution
		Debug|Any CPU = Debug|Any CPU
		Release|Any CPU = Release|Any CPU
	EndGlobalSection
	GlobalSection(ProjectConfigurationPlatforms) = postSolution
		{14616E2A-D150-4912-B079-F8CD028F72B0}.Debug|Any CPU.ActiveCfg = Debug|Any CPU
		{14616E2A-D150-4912-B079-F8CD028F72B0}.Debug|Any CPU.Build.0 = Debug|Any CPU
		{14616E2A-D150-4912-B079-F8CD028F72B0}.Release|Any CPU.ActiveCfg = Release|Any CPU
		{14616E2A-D150-4912-B079-F8CD028F72B0}.Release|Any CPU.Build.0 = Release|Any CPU
	EndGlobalSection
	GlobalSection(SolutionProperties) = preSolution
		HideSolutionNode = FALSE
	EndGlobalSection
	GlobalSection(ExtensibilityGlobals) = postSolution
		SolutionGuid = {5EC27AEA-7779-4A4E-A622-8EE4D3D78158}
	EndGlobalSection
EndGlobal
